
Microsoft Visual Studio Solution File, Format Version 12.00
# Visual Studio Version 17
VisualStudioVersion = 17.8.34511.84
MinimumVisualStudioVersion = 10.0.40219.1
Project("{FAE04EC0-301F-11D3-BF4B-00C04F79EFBC}") = "ShopApp", "ShopApp\ShopApp.csproj", "{52AA057A-2306-4FC5-BC90-872415BF35B1}"
EndProject
Global
	GlobalSection(SolutionConfigurationPlatforms) = preSolution
		Debug|Any CPU = Debug|Any CPU
		Release|Any CPU = Release|Any CPU
	EndGlobalSection
	GlobalSection(ProjectConfigurationPlatforms) = postSolution
		{52AA057A-2306-4FC5-BC90-872415BF35B1}.Debug|Any CPU.ActiveCfg = Debug|Any CPU
		{52AA057A-2306-4FC5-BC90-872415BF35B1}.Debug|Any CPU.Build.0 = Debug|Any CPU
		{52AA057A-2306-4FC5-BC90-872415BF35B1}.Release|Any CPU.ActiveCfg = Release|Any CPU
		{52AA057A-2306-4FC5-BC90-872415BF35B1}.Release|Any CPU.Build.0 = Release|Any CPU
	EndGlobalSection
	GlobalSection(SolutionProperties) = preSolution
		HideSolutionNode = FALSE
	EndGlobalSection
	GlobalSection(ExtensibilityGlobals) = postSolution
		SolutionGuid = {33C651AF-9513-4260-9A59-2956673F79BA}
	EndGlobalSection
EndGlobal
